
Microsoft Visual Studio Solution File, Format Version 12.00
# Visual Studio Version 17
VisualStudioVersion = 17.14.36221.1
MinimumVisualStudioVersion = 10.0.40219.1
Project("{FAE04EC0-301F-11D3-BF4B-00C04F79EFBC}") = "Hungry_Hub_Mobile", "Hungry_Hub_Mobile\Hungry_Hub_Mobile.csproj", "{5938B0EC-F4F1-4E85-98F7-76065EE9AA47}"
EndProject
Global
	GlobalSection(SolutionConfigurationPlatforms) = preSolution
		Debug|Any CPU = Debug|Any CPU
		Release|Any CPU = Release|Any CPU
	EndGlobalSection
	GlobalSection(ProjectConfigurationPlatforms) = postSolution
		{5938B0EC-F4F1-4E85-98F7-76065EE9AA47}.Debug|Any CPU.ActiveCfg = Debug|Any CPU
		{5938B0EC-F4F1-4E85-98F7-76065EE9AA47}.Debug|Any CPU.Build.0 = Debug|Any CPU
		{5938B0EC-F4F1-4E85-98F7-76065EE9AA47}.Release|Any CPU.ActiveCfg = Release|Any CPU
		{5938B0EC-F4F1-4E85-98F7-76065EE9AA47}.Release|Any CPU.Deploy.0 = Release|Any CPU
	EndGlobalSection
	GlobalSection(SolutionProperties) = preSolution
		HideSolutionNode = FALSE
	EndGlobalSection
	GlobalSection(ExtensibilityGlobals) = postSolution
		SolutionGuid = {4B9476EE-FF88-44BD-A267-3A40D880FC36}
	EndGlobalSection
EndGlobal
